
Microsoft Visual Studio Solution File, Format Version 12.00
# Visual Studio Version 17
VisualStudioVersion = 17.6.33815.320
MinimumVisualStudioVersion = 10.0.40219.1
Project("{FAE04EC0-301F-11D3-BF4B-00C04F79EFBC}") = "UserManagementt", "UserManagementt\UserManagementt.csproj", "{61EC9745-9900-4E30-8952-31CF93ADA4E4}"
EndProject
Global
	GlobalSection(SolutionConfigurationPlatforms) = preSolution
		Debug|Any CPU = Debug|Any CPU
		Release|Any CPU = Release|Any CPU
	EndGlobalSection
	GlobalSection(ProjectConfigurationPlatforms) = postSolution
		{61EC9745-9900-4E30-8952-31CF93ADA4E4}.Debug|Any CPU.ActiveCfg = Debug|Any CPU
		{61EC9745-9900-4E30-8952-31CF93ADA4E4}.Debug|Any CPU.Build.0 = Debug|Any CPU
		{61EC9745-9900-4E30-8952-31CF93ADA4E4}.Release|Any CPU.ActiveCfg = Release|Any CPU
		{61EC9745-9900-4E30-8952-31CF93ADA4E4}.Release|Any CPU.Build.0 = Release|Any CPU
	EndGlobalSection
	GlobalSection(SolutionProperties) = preSolution
		HideSolutionNode = FALSE
	EndGlobalSection
	GlobalSection(ExtensibilityGlobals) = postSolution
		SolutionGuid = {4E4F78CB-EF51-4723-95C1-85B91BB3B4CA}
	EndGlobalSection
EndGlobal
